// !$*UTF8*$!
{
	archiveVersion = 1;
	classes = {
	};
	objectVersion = 50;
	objects = {

/* Begin PBXBuildFile section */
		3A2DB6F827299E9900F8AA1E /* AppDelegate.swift in Sources */ = {isa = PBXBuildFile; fileRef = 3A2DB6F727299E9900F8AA1E /* AppDelegate.swift */; };
		3A2DB6FC27299E9900F8AA1E /* LoginViewController.swift in Sources */ = {isa = PBXBuildFile; fileRef = 3A2DB6FB27299E9900F8AA1E /* LoginViewController.swift */; };
		3A2DB6FF27299E9900F8AA1E /* Main.storyboard in Resources */ = {isa = PBXBuildFile; fileRef = 3A2DB6FD27299E9900F8AA1E /* Main.storyboard */; };
		3A2DB70127299E9B00F8AA1E /* Icons.xcassets in Resources */ = {isa = PBXBuildFile; fileRef = 3A2DB70027299E9B00F8AA1E /* Icons.xcassets */; };
		3A2DB70427299E9B00F8AA1E /* LaunchScreen.storyboard in Resources */ = {isa = PBXBuildFile; fileRef = 3A2DB70227299E9B00F8AA1E /* LaunchScreen.storyboard */; };
		3A2DB7332729A40D00F8AA1E /* Colors.xcassets in Resources */ = {isa = PBXBuildFile; fileRef = 3A2DB7322729A40D00F8AA1E /* Colors.xcassets */; };
		3A2DB7342729A43100F8AA1E /* Icons.xcassets in Resources */ = {isa = PBXBuildFile; fileRef = 3A2DB70027299E9B00F8AA1E /* Icons.xcassets */; };
		3A2DB7352729A43500F8AA1E /* Colors.xcassets in Resources */ = {isa = PBXBuildFile; fileRef = 3A2DB7322729A40D00F8AA1E /* Colors.xcassets */; };
		3A2DB738272A439E00F8AA1E /* NetworkManager.swift in Sources */ = {isa = PBXBuildFile; fileRef = 3A2DB737272A439E00F8AA1E /* NetworkManager.swift */; };
		3A2DB73A272A45FA00F8AA1E /* ServiceProtocols.swift in Sources */ = {isa = PBXBuildFile; fileRef = 3A2DB739272A45FA00F8AA1E /* ServiceProtocols.swift */; };
		3A2DB73C272A465900F8AA1E /* StringConstants.swift in Sources */ = {isa = PBXBuildFile; fileRef = 3A2DB73B272A465900F8AA1E /* StringConstants.swift */; };
		3A2DB73E272A556000F8AA1E /* NetworkManagerTests.swift in Sources */ = {isa = PBXBuildFile; fileRef = 3A2DB73D272A556000F8AA1E /* NetworkManagerTests.swift */; };
		3A2DB741272A55FE00F8AA1E /* URLSessionMock.swift in Sources */ = {isa = PBXBuildFile; fileRef = 3A2DB740272A55FE00F8AA1E /* URLSessionMock.swift */; };
		3A2DB744272A7A1D00F8AA1E /* Transfer.swift in Sources */ = {isa = PBXBuildFile; fileRef = 3A2DB743272A7A1D00F8AA1E /* Transfer.swift */; };
		3A2DB746272A7CEE00F8AA1E /* Transaction.swift in Sources */ = {isa = PBXBuildFile; fileRef = 3A2DB745272A7CEE00F8AA1E /* Transaction.swift */; };
		3A2DB748272A81A500F8AA1E /* Payee.swift in Sources */ = {isa = PBXBuildFile; fileRef = 3A2DB747272A81A500F8AA1E /* Payee.swift */; };
		3A2DB74A272A85F400F8AA1E /* ServiceManager.swift in Sources */ = {isa = PBXBuildFile; fileRef = 3A2DB749272A85F400F8AA1E /* ServiceManager.swift */; };
		3A2DB74C272A8ADD00F8AA1E /* Session.swift in Sources */ = {isa = PBXBuildFile; fileRef = 3A2DB74B272A8ADD00F8AA1E /* Session.swift */; };
		3A2DB753272AC8F300F8AA1E /* SessionModelTests.swift in Sources */ = {isa = PBXBuildFile; fileRef = 3A2DB752272AC8F300F8AA1E /* SessionModelTests.swift */; };
		3A2DB755272AD69A00F8AA1E /* PayeeAndTransactionTests.swift in Sources */ = {isa = PBXBuildFile; fileRef = 3A2DB754272AD69A00F8AA1E /* PayeeAndTransactionTests.swift */; };
		3A2DB757272AE37A00F8AA1E /* TransferTests.swift in Sources */ = {isa = PBXBuildFile; fileRef = 3A2DB756272AE37A00F8AA1E /* TransferTests.swift */; };
		3A65BAE3272AECA100332E69 /* NetworkManagerMock.swift in Sources */ = {isa = PBXBuildFile; fileRef = 3A65BAE2272AECA100332E69 /* NetworkManagerMock.swift */; };
		3A65BAE5272AEE0800332E69 /* ServiceManagerPostServiceTests.swift in Sources */ = {isa = PBXBuildFile; fileRef = 3A65BAE4272AEE0800332E69 /* ServiceManagerPostServiceTests.swift */; };
		3A65BAE7272AF37A00332E69 /* ServiceManagerAllGetServiceTests.swift in Sources */ = {isa = PBXBuildFile; fileRef = 3A65BAE6272AF37A00332E69 /* ServiceManagerAllGetServiceTests.swift */; };
		3A65BAE9272B101600332E69 /* Utilities.swift in Sources */ = {isa = PBXBuildFile; fileRef = 3A65BAE8272B101600332E69 /* Utilities.swift */; };
		3A65BAEB272B9DF500332E69 /* UIView+Extension.swift in Sources */ = {isa = PBXBuildFile; fileRef = 3A65BAEA272B9DF500332E69 /* UIView+Extension.swift */; };
		3AA135FF272BC40400DB7C7D /* Router.swift in Sources */ = {isa = PBXBuildFile; fileRef = 3AA135FE272BC40400DB7C7D /* Router.swift */; };
		3AA13601272BC4F500DB7C7D /* DashboardViewController.swift in Sources */ = {isa = PBXBuildFile; fileRef = 3AA13600272BC4F500DB7C7D /* DashboardViewController.swift */; };
		3AA13603272BC50C00DB7C7D /* TransferViewController.swift in Sources */ = {isa = PBXBuildFile; fileRef = 3AA13602272BC50C00DB7C7D /* TransferViewController.swift */; };
		3AA13605272BC52700DB7C7D /* DetailViewController.swift in Sources */ = {isa = PBXBuildFile; fileRef = 3AA13604272BC52700DB7C7D /* DetailViewController.swift */; };
		3AA13607272BC54E00DB7C7D /* LoginViewModel.swift in Sources */ = {isa = PBXBuildFile; fileRef = 3AA13606272BC54E00DB7C7D /* LoginViewModel.swift */; };
		3AA13609272BC55A00DB7C7D /* DashboardViewModel.swift in Sources */ = {isa = PBXBuildFile; fileRef = 3AA13608272BC55A00DB7C7D /* DashboardViewModel.swift */; };
		3AA1360B272BC56900DB7C7D /* TransferViewModel.swift in Sources */ = {isa = PBXBuildFile; fileRef = 3AA1360A272BC56900DB7C7D /* TransferViewModel.swift */; };
		3AA1360D272BC5F900DB7C7D /* DetailViewModel.swift in Sources */ = {isa = PBXBuildFile; fileRef = 3AA1360C272BC5F900DB7C7D /* DetailViewModel.swift */; };
		3AA1360F272BC67B00DB7C7D /* RouterProtocol.swift in Sources */ = {isa = PBXBuildFile; fileRef = 3AA1360E272BC67B00DB7C7D /* RouterProtocol.swift */; };
		3AA13611272BCB3400DB7C7D /* SettingsViewController.swift in Sources */ = {isa = PBXBuildFile; fileRef = 3AA13610272BCB3400DB7C7D /* SettingsViewController.swift */; };
		3AA13613272BCB8D00DB7C7D /* SettingsViewModel.swift in Sources */ = {isa = PBXBuildFile; fileRef = 3AA13612272BCB8D00DB7C7D /* SettingsViewModel.swift */; };
		3AA13615272BCECF00DB7C7D /* ViewModelProtocols.swift in Sources */ = {isa = PBXBuildFile; fileRef = 3AA13614272BCECF00DB7C7D /* ViewModelProtocols.swift */; };
		3AA13617272BD9F500DB7C7D /* UIViewController+Extension.swift in Sources */ = {isa = PBXBuildFile; fileRef = 3AA13616272BD9F500DB7C7D /* UIViewController+Extension.swift */; };
		3AA1361C272C33CF00DB7C7D /* StringConstants.swift in Sources */ = {isa = PBXBuildFile; fileRef = 3A2DB73B272A465900F8AA1E /* StringConstants.swift */; };
		3AA1361E272C33E100DB7C7D /* Font.swift in Sources */ = {isa = PBXBuildFile; fileRef = 3AA1361D272C33E100DB7C7D /* Font.swift */; };
		3AA13620272C3D8A00DB7C7D /* TextFieldCell.swift in Sources */ = {isa = PBXBuildFile; fileRef = 3AA1361F272C3D8A00DB7C7D /* TextFieldCell.swift */; };
		3AA13623272C41F300DB7C7D /* Buttons.swift in Sources */ = {isa = PBXBuildFile; fileRef = 3AA13622272C41F300DB7C7D /* Buttons.swift */; };
		3AA13628272C61E900DB7C7D /* TextFields.swift in Sources */ = {isa = PBXBuildFile; fileRef = 3AA13627272C61E900DB7C7D /* TextFields.swift */; };
		3AA1362A272C647000DB7C7D /* UICollectionViewCell+Extension.swift in Sources */ = {isa = PBXBuildFile; fileRef = 3AA13629272C647000DB7C7D /* UICollectionViewCell+Extension.swift */; };
		3AA1362C272CDE2E00DB7C7D /* ButtonCell.swift in Sources */ = {isa = PBXBuildFile; fileRef = 3AA1362B272CDE2E00DB7C7D /* ButtonCell.swift */; };
		3AA1362E272CE3DF00DB7C7D /* ImageCell.swift in Sources */ = {isa = PBXBuildFile; fileRef = 3AA1362D272CE3DF00DB7C7D /* ImageCell.swift */; };
		3AA13630272CECC700DB7C7D /* LoginViewController+UIExtension.swift in Sources */ = {isa = PBXBuildFile; fileRef = 3AA1362F272CECC700DB7C7D /* LoginViewController+UIExtension.swift */; };
/* End PBXBuildFile section */

/* Begin PBXContainerItemProxy section */
		3A2DB70B27299E9B00F8AA1E /* PBXContainerItemProxy */ = {
			isa = PBXContainerItemProxy;
			containerPortal = 3A2DB6EC27299E9900F8AA1E /* Project object */;
			proxyType = 1;
			remoteGlobalIDString = 3A2DB6F327299E9900F8AA1E;
			remoteInfo = OCBCDemo;
		};
/* End PBXContainerItemProxy section */

/* Begin PBXFileReference section */
		3A2DB6F427299E9900F8AA1E /* OCBCDemo.app */ = {isa = PBXFileReference; explicitFileType = wrapper.application; includeInIndex = 0; path = OCBCDemo.app; sourceTree = BUILT_PRODUCTS_DIR; };
		3A2DB6F727299E9900F8AA1E /* AppDelegate.swift */ = {isa = PBXFileReference; lastKnownFileType = sourcecode.swift; path = AppDelegate.swift; sourceTree = "<group>"; };
		3A2DB6FB27299E9900F8AA1E /* LoginViewController.swift */ = {isa = PBXFileReference; lastKnownFileType = sourcecode.swift; path = LoginViewController.swift; sourceTree = "<group>"; };
		3A2DB6FE27299E9900F8AA1E /* Base */ = {isa = PBXFileReference; lastKnownFileType = file.storyboard; name = Base; path = Base.lproj/Main.storyboard; sourceTree = "<group>"; };
		3A2DB70027299E9B00F8AA1E /* Icons.xcassets */ = {isa = PBXFileReference; lastKnownFileType = folder.assetcatalog; path = Icons.xcassets; sourceTree = "<group>"; };
		3A2DB70327299E9B00F8AA1E /* Base */ = {isa = PBXFileReference; lastKnownFileType = file.storyboard; name = Base; path = Base.lproj/LaunchScreen.storyboard; sourceTree = "<group>"; };
		3A2DB70527299E9B00F8AA1E /* Info.plist */ = {isa = PBXFileReference; lastKnownFileType = text.plist.xml; path = Info.plist; sourceTree = "<group>"; };
		3A2DB70A27299E9B00F8AA1E /* OCBCDemoTests.xctest */ = {isa = PBXFileReference; explicitFileType = wrapper.cfbundle; includeInIndex = 0; path = OCBCDemoTests.xctest; sourceTree = BUILT_PRODUCTS_DIR; };
		3A2DB71027299E9B00F8AA1E /* Info.plist */ = {isa = PBXFileReference; lastKnownFileType = text.plist.xml; path = Info.plist; sourceTree = "<group>"; };
		3A2DB7322729A40D00F8AA1E /* Colors.xcassets */ = {isa = PBXFileReference; lastKnownFileType = folder.assetcatalog; path = Colors.xcassets; sourceTree = "<group>"; };
		3A2DB737272A439E00F8AA1E /* NetworkManager.swift */ = {isa = PBXFileReference; lastKnownFileType = sourcecode.swift; path = NetworkManager.swift; sourceTree = "<group>"; };
		3A2DB739272A45FA00F8AA1E /* ServiceProtocols.swift */ = {isa = PBXFileReference; lastKnownFileType = sourcecode.swift; path = ServiceProtocols.swift; sourceTree = "<group>"; };
		3A2DB73B272A465900F8AA1E /* StringConstants.swift */ = {isa = PBXFileReference; lastKnownFileType = sourcecode.swift; path = StringConstants.swift; sourceTree = "<group>"; };
		3A2DB73D272A556000F8AA1E /* NetworkManagerTests.swift */ = {isa = PBXFileReference; lastKnownFileType = sourcecode.swift; path = NetworkManagerTests.swift; sourceTree = "<group>"; };
		3A2DB740272A55FE00F8AA1E /* URLSessionMock.swift */ = {isa = PBXFileReference; lastKnownFileType = sourcecode.swift; path = URLSessionMock.swift; sourceTree = "<group>"; };
		3A2DB743272A7A1D00F8AA1E /* Transfer.swift */ = {isa = PBXFileReference; lastKnownFileType = sourcecode.swift; path = Transfer.swift; sourceTree = "<group>"; };
		3A2DB745272A7CEE00F8AA1E /* Transaction.swift */ = {isa = PBXFileReference; lastKnownFileType = sourcecode.swift; path = Transaction.swift; sourceTree = "<group>"; };
		3A2DB747272A81A500F8AA1E /* Payee.swift */ = {isa = PBXFileReference; lastKnownFileType = sourcecode.swift; path = Payee.swift; sourceTree = "<group>"; };
		3A2DB749272A85F400F8AA1E /* ServiceManager.swift */ = {isa = PBXFileReference; lastKnownFileType = sourcecode.swift; path = ServiceManager.swift; sourceTree = "<group>"; };
		3A2DB74B272A8ADD00F8AA1E /* Session.swift */ = {isa = PBXFileReference; lastKnownFileType = sourcecode.swift; path = Session.swift; sourceTree = "<group>"; };
		3A2DB752272AC8F300F8AA1E /* SessionModelTests.swift */ = {isa = PBXFileReference; lastKnownFileType = sourcecode.swift; path = SessionModelTests.swift; sourceTree = "<group>"; };
		3A2DB754272AD69A00F8AA1E /* PayeeAndTransactionTests.swift */ = {isa = PBXFileReference; lastKnownFileType = sourcecode.swift; path = PayeeAndTransactionTests.swift; sourceTree = "<group>"; };
		3A2DB756272AE37A00F8AA1E /* TransferTests.swift */ = {isa = PBXFileReference; lastKnownFileType = sourcecode.swift; path = TransferTests.swift; sourceTree = "<group>"; };
		3A65BAE2272AECA100332E69 /* NetworkManagerMock.swift */ = {isa = PBXFileReference; lastKnownFileType = sourcecode.swift; path = NetworkManagerMock.swift; sourceTree = "<group>"; };
		3A65BAE4272AEE0800332E69 /* ServiceManagerPostServiceTests.swift */ = {isa = PBXFileReference; lastKnownFileType = sourcecode.swift; path = ServiceManagerPostServiceTests.swift; sourceTree = "<group>"; };
		3A65BAE6272AF37A00332E69 /* ServiceManagerAllGetServiceTests.swift */ = {isa = PBXFileReference; lastKnownFileType = sourcecode.swift; path = ServiceManagerAllGetServiceTests.swift; sourceTree = "<group>"; };
		3A65BAE8272B101600332E69 /* Utilities.swift */ = {isa = PBXFileReference; lastKnownFileType = sourcecode.swift; path = Utilities.swift; sourceTree = "<group>"; };
		3A65BAEA272B9DF500332E69 /* UIView+Extension.swift */ = {isa = PBXFileReference; lastKnownFileType = sourcecode.swift; path = "UIView+Extension.swift"; sourceTree = "<group>"; };
		3AA135FE272BC40400DB7C7D /* Router.swift */ = {isa = PBXFileReference; lastKnownFileType = sourcecode.swift; path = Router.swift; sourceTree = "<group>"; };
		3AA13600272BC4F500DB7C7D /* DashboardViewController.swift */ = {isa = PBXFileReference; lastKnownFileType = sourcecode.swift; path = DashboardViewController.swift; sourceTree = "<group>"; };
		3AA13602272BC50C00DB7C7D /* TransferViewController.swift */ = {isa = PBXFileReference; lastKnownFileType = sourcecode.swift; path = TransferViewController.swift; sourceTree = "<group>"; };
		3AA13604272BC52700DB7C7D /* DetailViewController.swift */ = {isa = PBXFileReference; lastKnownFileType = sourcecode.swift; path = DetailViewController.swift; sourceTree = "<group>"; };
		3AA13606272BC54E00DB7C7D /* LoginViewModel.swift */ = {isa = PBXFileReference; lastKnownFileType = sourcecode.swift; path = LoginViewModel.swift; sourceTree = "<group>"; };
		3AA13608272BC55A00DB7C7D /* DashboardViewModel.swift */ = {isa = PBXFileReference; lastKnownFileType = sourcecode.swift; path = DashboardViewModel.swift; sourceTree = "<group>"; };
		3AA1360A272BC56900DB7C7D /* TransferViewModel.swift */ = {isa = PBXFileReference; lastKnownFileType = sourcecode.swift; path = TransferViewModel.swift; sourceTree = "<group>"; };
		3AA1360C272BC5F900DB7C7D /* DetailViewModel.swift */ = {isa = PBXFileReference; lastKnownFileType = sourcecode.swift; path = DetailViewModel.swift; sourceTree = "<group>"; };
		3AA1360E272BC67B00DB7C7D /* RouterProtocol.swift */ = {isa = PBXFileReference; lastKnownFileType = sourcecode.swift; path = RouterProtocol.swift; sourceTree = "<group>"; };
		3AA13610272BCB3400DB7C7D /* SettingsViewController.swift */ = {isa = PBXFileReference; lastKnownFileType = sourcecode.swift; path = SettingsViewController.swift; sourceTree = "<group>"; };
		3AA13612272BCB8D00DB7C7D /* SettingsViewModel.swift */ = {isa = PBXFileReference; lastKnownFileType = sourcecode.swift; path = SettingsViewModel.swift; sourceTree = "<group>"; };
		3AA13614272BCECF00DB7C7D /* ViewModelProtocols.swift */ = {isa = PBXFileReference; lastKnownFileType = sourcecode.swift; path = ViewModelProtocols.swift; sourceTree = "<group>"; };
		3AA13616272BD9F500DB7C7D /* UIViewController+Extension.swift */ = {isa = PBXFileReference; lastKnownFileType = sourcecode.swift; path = "UIViewController+Extension.swift"; sourceTree = "<group>"; };
		3AA1361D272C33E100DB7C7D /* Font.swift */ = {isa = PBXFileReference; lastKnownFileType = sourcecode.swift; path = Font.swift; sourceTree = "<group>"; };
		3AA1361F272C3D8A00DB7C7D /* TextFieldCell.swift */ = {isa = PBXFileReference; lastKnownFileType = sourcecode.swift; path = TextFieldCell.swift; sourceTree = "<group>"; };
		3AA13622272C41F300DB7C7D /* Buttons.swift */ = {isa = PBXFileReference; lastKnownFileType = sourcecode.swift; path = Buttons.swift; sourceTree = "<group>"; };
		3AA13627272C61E900DB7C7D /* TextFields.swift */ = {isa = PBXFileReference; lastKnownFileType = sourcecode.swift; path = TextFields.swift; sourceTree = "<group>"; };
		3AA13629272C647000DB7C7D /* UICollectionViewCell+Extension.swift */ = {isa = PBXFileReference; lastKnownFileType = sourcecode.swift; path = "UICollectionViewCell+Extension.swift"; sourceTree = "<group>"; };
		3AA1362B272CDE2E00DB7C7D /* ButtonCell.swift */ = {isa = PBXFileReference; lastKnownFileType = sourcecode.swift; path = ButtonCell.swift; sourceTree = "<group>"; };
		3AA1362D272CE3DF00DB7C7D /* ImageCell.swift */ = {isa = PBXFileReference; lastKnownFileType = sourcecode.swift; path = ImageCell.swift; sourceTree = "<group>"; };
		3AA1362F272CECC700DB7C7D /* LoginViewController+UIExtension.swift */ = {isa = PBXFileReference; lastKnownFileType = sourcecode.swift; path = "LoginViewController+UIExtension.swift"; sourceTree = "<group>"; };
/* End PBXFileReference section */

/* Begin PBXFrameworksBuildPhase section */
		3A2DB6F127299E9900F8AA1E /* Frameworks */ = {
			isa = PBXFrameworksBuildPhase;
			buildActionMask = 2147483647;
			files = (
			);
			runOnlyForDeploymentPostprocessing = 0;
		};
		3A2DB70727299E9B00F8AA1E /* Frameworks */ = {
			isa = PBXFrameworksBuildPhase;
			buildActionMask = 2147483647;
			files = (
			);
			runOnlyForDeploymentPostprocessing = 0;
		};
/* End PBXFrameworksBuildPhase section */

/* Begin PBXGroup section */
		3A2DB6EB27299E9900F8AA1E = {
			isa = PBXGroup;
			children = (
				3A2DB6F627299E9900F8AA1E /* OCBCDemo */,
				3A2DB70D27299E9B00F8AA1E /* OCBCDemoTests */,
				3A2DB6F527299E9900F8AA1E /* Products */,
			);
			sourceTree = "<group>";
		};
		3A2DB6F527299E9900F8AA1E /* Products */ = {
			isa = PBXGroup;
			children = (
				3A2DB6F427299E9900F8AA1E /* OCBCDemo.app */,
				3A2DB70A27299E9B00F8AA1E /* OCBCDemoTests.xctest */,
			);
			name = Products;
			sourceTree = "<group>";
		};
		3A2DB6F627299E9900F8AA1E /* OCBCDemo */ = {
			isa = PBXGroup;
			children = (
				3A2DB6F727299E9900F8AA1E /* AppDelegate.swift */,
				3AA135FE272BC40400DB7C7D /* Router.swift */,
				3A2DB7312729A1E500F8AA1E /* Protocols */,
				3A2DB7302729A1DE00F8AA1E /* Models */,
				3A2DB72F2729A1D600F8AA1E /* ViewModels */,
				3A2DB72E2729A1CD00F8AA1E /* ViewControllers */,
				3A2DB72D2729A1C700F8AA1E /* Cells */,
				3AA13621272C404B00DB7C7D /* Components */,
				3A2DB72C2729A1BA00F8AA1E /* Storyboards */,
				3A2DB72B2729A1B100F8AA1E /* Services */,
				3A2DB72A2729A1A700F8AA1E /* Assets */,
				3A2DB70527299E9B00F8AA1E /* Info.plist */,
				3A2DB7282729A19400F8AA1E /* Extensions */,
				3A2DB7272729A18600F8AA1E /* Utilities */,
			);
			path = OCBCDemo;
			sourceTree = "<group>";
		};
		3A2DB70D27299E9B00F8AA1E /* OCBCDemoTests */ = {
			isa = PBXGroup;
			children = (
				3A2DB74D272AC4F400F8AA1E /* Models */,
				3A2DB736272A434600F8AA1E /* Services */,
				3A2DB71027299E9B00F8AA1E /* Info.plist */,
			);
			path = OCBCDemoTests;
			sourceTree = "<group>";
		};
		3A2DB7272729A18600F8AA1E /* Utilities */ = {
			isa = PBXGroup;
			children = (
				3A65BAE8272B101600332E69 /* Utilities.swift */,
			);
			path = Utilities;
			sourceTree = "<group>";
		};
		3A2DB7282729A19400F8AA1E /* Extensions */ = {
			isa = PBXGroup;
			children = (
				3A65BAEA272B9DF500332E69 /* UIView+Extension.swift */,
				3AA13616272BD9F500DB7C7D /* UIViewController+Extension.swift */,
				3AA13629272C647000DB7C7D /* UICollectionViewCell+Extension.swift */,
			);
			path = Extensions;
			sourceTree = "<group>";
		};
		3A2DB72A2729A1A700F8AA1E /* Assets */ = {
			isa = PBXGroup;
			children = (
				3A2DB73B272A465900F8AA1E /* StringConstants.swift */,
				3AA1361D272C33E100DB7C7D /* Font.swift */,
				3A2DB70027299E9B00F8AA1E /* Icons.xcassets */,
				3A2DB7322729A40D00F8AA1E /* Colors.xcassets */,
			);
			path = Assets;
			sourceTree = "<group>";
		};
		3A2DB72B2729A1B100F8AA1E /* Services */ = {
			isa = PBXGroup;
			children = (
				3A2DB749272A85F400F8AA1E /* ServiceManager.swift */,
				3A2DB737272A439E00F8AA1E /* NetworkManager.swift */,
			);
			path = Services;
			sourceTree = "<group>";
		};
		3A2DB72C2729A1BA00F8AA1E /* Storyboards */ = {
			isa = PBXGroup;
			children = (
				3A2DB70227299E9B00F8AA1E /* LaunchScreen.storyboard */,
				3A2DB6FD27299E9900F8AA1E /* Main.storyboard */,
			);
			path = Storyboards;
			sourceTree = "<group>";
		};
		3A2DB72D2729A1C700F8AA1E /* Cells */ = {
			isa = PBXGroup;
			children = (
				3AA1361F272C3D8A00DB7C7D /* TextFieldCell.swift */,
				3AA1362B272CDE2E00DB7C7D /* ButtonCell.swift */,
				3AA1362D272CE3DF00DB7C7D /* ImageCell.swift */,
			);
			path = Cells;
			sourceTree = "<group>";
		};
		3A2DB72E2729A1CD00F8AA1E /* ViewControllers */ = {
			isa = PBXGroup;
			children = (
				3A2DB6FB27299E9900F8AA1E /* LoginViewController.swift */,
				3AA1362F272CECC700DB7C7D /* LoginViewController+UIExtension.swift */,
				3AA13600272BC4F500DB7C7D /* DashboardViewController.swift */,
				3AA13602272BC50C00DB7C7D /* TransferViewController.swift */,
				3AA13604272BC52700DB7C7D /* DetailViewController.swift */,
				3AA13610272BCB3400DB7C7D /* SettingsViewController.swift */,
			);
			path = ViewControllers;
			sourceTree = "<group>";
		};
		3A2DB72F2729A1D600F8AA1E /* ViewModels */ = {
			isa = PBXGroup;
			children = (
				3AA13606272BC54E00DB7C7D /* LoginViewModel.swift */,
				3AA13608272BC55A00DB7C7D /* DashboardViewModel.swift */,
				3AA1360A272BC56900DB7C7D /* TransferViewModel.swift */,
				3AA1360C272BC5F900DB7C7D /* DetailViewModel.swift */,
				3AA13612272BCB8D00DB7C7D /* SettingsViewModel.swift */,
			);
			path = ViewModels;
			sourceTree = "<group>";
		};
		3A2DB7302729A1DE00F8AA1E /* Models */ = {
			isa = PBXGroup;
			children = (
				3A2DB74B272A8ADD00F8AA1E /* Session.swift */,
				3A2DB747272A81A500F8AA1E /* Payee.swift */,
				3A2DB745272A7CEE00F8AA1E /* Transaction.swift */,
				3A2DB743272A7A1D00F8AA1E /* Transfer.swift */,
			);
			path = Models;
			sourceTree = "<group>";
		};
		3A2DB7312729A1E500F8AA1E /* Protocols */ = {
			isa = PBXGroup;
			children = (
				3A2DB739272A45FA00F8AA1E /* ServiceProtocols.swift */,
				3AA1360E272BC67B00DB7C7D /* RouterProtocol.swift */,
				3AA13614272BCECF00DB7C7D /* ViewModelProtocols.swift */,
			);
			path = Protocols;
			sourceTree = "<group>";
		};
		3A2DB736272A434600F8AA1E /* Services */ = {
			isa = PBXGroup;
			children = (
				3A2DB73F272A55D100F8AA1E /* Mocks */,
				3A2DB742272A562500F8AA1E /* Tests */,
			);
			path = Services;
			sourceTree = "<group>";
		};
		3A2DB73F272A55D100F8AA1E /* Mocks */ = {
			isa = PBXGroup;
			children = (
				3A2DB740272A55FE00F8AA1E /* URLSessionMock.swift */,
				3A65BAE2272AECA100332E69 /* NetworkManagerMock.swift */,
			);
			path = Mocks;
			sourceTree = "<group>";
		};
		3A2DB742272A562500F8AA1E /* Tests */ = {
			isa = PBXGroup;
			children = (
				3A2DB73D272A556000F8AA1E /* NetworkManagerTests.swift */,
				3A65BAE4272AEE0800332E69 /* ServiceManagerPostServiceTests.swift */,
				3A65BAE6272AF37A00332E69 /* ServiceManagerAllGetServiceTests.swift */,
			);
			path = Tests;
			sourceTree = "<group>";
		};
		3A2DB74D272AC4F400F8AA1E /* Models */ = {
			isa = PBXGroup;
			children = (
				3A2DB751272AC59100F8AA1E /* Tests */,
			);
			path = Models;
			sourceTree = "<group>";
		};
		3A2DB751272AC59100F8AA1E /* Tests */ = {
			isa = PBXGroup;
			children = (
				3A2DB752272AC8F300F8AA1E /* SessionModelTests.swift */,
				3A2DB754272AD69A00F8AA1E /* PayeeAndTransactionTests.swift */,
				3A2DB756272AE37A00F8AA1E /* TransferTests.swift */,
			);
			path = Tests;
			sourceTree = "<group>";
		};
		3AA13621272C404B00DB7C7D /* Components */ = {
			isa = PBXGroup;
			children = (
				3AA13622272C41F300DB7C7D /* Buttons.swift */,
				3AA13627272C61E900DB7C7D /* TextFields.swift */,
			);
			path = Components;
			sourceTree = "<group>";
		};
/* End PBXGroup section */

/* Begin PBXNativeTarget section */
		3A2DB6F327299E9900F8AA1E /* OCBCDemo */ = {
			isa = PBXNativeTarget;
			buildConfigurationList = 3A2DB71E27299E9B00F8AA1E /* Build configuration list for PBXNativeTarget "OCBCDemo" */;
			buildPhases = (
				3A2DB6F027299E9900F8AA1E /* Sources */,
				3A2DB6F127299E9900F8AA1E /* Frameworks */,
				3A2DB6F227299E9900F8AA1E /* Resources */,
			);
			buildRules = (
			);
			dependencies = (
			);
			name = OCBCDemo;
			productName = OCBCDemo;
			productReference = 3A2DB6F427299E9900F8AA1E /* OCBCDemo.app */;
			productType = "com.apple.product-type.application";
		};
		3A2DB70927299E9B00F8AA1E /* OCBCDemoTests */ = {
			isa = PBXNativeTarget;
			buildConfigurationList = 3A2DB72127299E9B00F8AA1E /* Build configuration list for PBXNativeTarget "OCBCDemoTests" */;
			buildPhases = (
				3A2DB70627299E9B00F8AA1E /* Sources */,
				3A2DB70727299E9B00F8AA1E /* Frameworks */,
				3A2DB70827299E9B00F8AA1E /* Resources */,
			);
			buildRules = (
			);
			dependencies = (
				3A2DB70C27299E9B00F8AA1E /* PBXTargetDependency */,
			);
			name = OCBCDemoTests;
			productName = OCBCDemoTests;
			productReference = 3A2DB70A27299E9B00F8AA1E /* OCBCDemoTests.xctest */;
			productType = "com.apple.product-type.bundle.unit-test";
		};
/* End PBXNativeTarget section */

/* Begin PBXProject section */
		3A2DB6EC27299E9900F8AA1E /* Project object */ = {
			isa = PBXProject;
			attributes = {
				LastSwiftUpdateCheck = 1250;
				LastUpgradeCheck = 1250;
				TargetAttributes = {
					3A2DB6F327299E9900F8AA1E = {
						CreatedOnToolsVersion = 12.5.1;
					};
					3A2DB70927299E9B00F8AA1E = {
						CreatedOnToolsVersion = 12.5.1;
						TestTargetID = 3A2DB6F327299E9900F8AA1E;
					};
				};
			};
			buildConfigurationList = 3A2DB6EF27299E9900F8AA1E /* Build configuration list for PBXProject "OCBCDemo" */;
			compatibilityVersion = "Xcode 9.3";
			developmentRegion = en;
			hasScannedForEncodings = 0;
			knownRegions = (
				en,
				Base,
			);
			mainGroup = 3A2DB6EB27299E9900F8AA1E;
			productRefGroup = 3A2DB6F527299E9900F8AA1E /* Products */;
			projectDirPath = "";
			projectRoot = "";
			targets = (
				3A2DB6F327299E9900F8AA1E /* OCBCDemo */,
				3A2DB70927299E9B00F8AA1E /* OCBCDemoTests */,
			);
		};
/* End PBXProject section */

/* Begin PBXResourcesBuildPhase section */
		3A2DB6F227299E9900F8AA1E /* Resources */ = {
			isa = PBXResourcesBuildPhase;
			buildActionMask = 2147483647;
			files = (
				3A2DB70427299E9B00F8AA1E /* LaunchScreen.storyboard in Resources */,
				3A2DB7332729A40D00F8AA1E /* Colors.xcassets in Resources */,
				3A2DB70127299E9B00F8AA1E /* Icons.xcassets in Resources */,
				3A2DB6FF27299E9900F8AA1E /* Main.storyboard in Resources */,
			);
			runOnlyForDeploymentPostprocessing = 0;
		};
		3A2DB70827299E9B00F8AA1E /* Resources */ = {
			isa = PBXResourcesBuildPhase;
			buildActionMask = 2147483647;
			files = (
				3A2DB7342729A43100F8AA1E /* Icons.xcassets in Resources */,
				3A2DB7352729A43500F8AA1E /* Colors.xcassets in Resources */,
			);
			runOnlyForDeploymentPostprocessing = 0;
		};
/* End PBXResourcesBuildPhase section */

/* Begin PBXSourcesBuildPhase section */
		3A2DB6F027299E9900F8AA1E /* Sources */ = {
			isa = PBXSourcesBuildPhase;
			buildActionMask = 2147483647;
			files = (
				3A2DB74C272A8ADD00F8AA1E /* Session.swift in Sources */,
				3AA13613272BCB8D00DB7C7D /* SettingsViewModel.swift in Sources */,
				3AA13617272BD9F500DB7C7D /* UIViewController+Extension.swift in Sources */,
				3AA1360B272BC56900DB7C7D /* TransferViewModel.swift in Sources */,
				3AA1362A272C647000DB7C7D /* UICollectionViewCell+Extension.swift in Sources */,
				3AA13603272BC50C00DB7C7D /* TransferViewController.swift in Sources */,
				3AA13601272BC4F500DB7C7D /* DashboardViewController.swift in Sources */,
				3AA13609272BC55A00DB7C7D /* DashboardViewModel.swift in Sources */,
				3A2DB746272A7CEE00F8AA1E /* Transaction.swift in Sources */,
				3A65BAE9272B101600332E69 /* Utilities.swift in Sources */,
				3A2DB738272A439E00F8AA1E /* NetworkManager.swift in Sources */,
				3AA13628272C61E900DB7C7D /* TextFields.swift in Sources */,
				3A2DB748272A81A500F8AA1E /* Payee.swift in Sources */,
				3AA1362E272CE3DF00DB7C7D /* ImageCell.swift in Sources */,
				3A2DB6FC27299E9900F8AA1E /* LoginViewController.swift in Sources */,
				3AA13605272BC52700DB7C7D /* DetailViewController.swift in Sources */,
				3AA13630272CECC700DB7C7D /* LoginViewController+UIExtension.swift in Sources */,
				3AA13615272BCECF00DB7C7D /* ViewModelProtocols.swift in Sources */,
				3A65BAEB272B9DF500332E69 /* UIView+Extension.swift in Sources */,
				3AA1360D272BC5F900DB7C7D /* DetailViewModel.swift in Sources */,
				3AA13611272BCB3400DB7C7D /* SettingsViewController.swift in Sources */,
				3AA13607272BC54E00DB7C7D /* LoginViewModel.swift in Sources */,
				3AA13623272C41F300DB7C7D /* Buttons.swift in Sources */,
				3A2DB6F827299E9900F8AA1E /* AppDelegate.swift in Sources */,
				3AA1360F272BC67B00DB7C7D /* RouterProtocol.swift in Sources */,
				3A2DB74A272A85F400F8AA1E /* ServiceManager.swift in Sources */,
				3AA13620272C3D8A00DB7C7D /* TextFieldCell.swift in Sources */,
				3AA1362C272CDE2E00DB7C7D /* ButtonCell.swift in Sources */,
				3A2DB73C272A465900F8AA1E /* StringConstants.swift in Sources */,
				3AA1361E272C33E100DB7C7D /* Font.swift in Sources */,
				3A2DB744272A7A1D00F8AA1E /* Transfer.swift in Sources */,
				3A2DB73A272A45FA00F8AA1E /* ServiceProtocols.swift in Sources */,
				3AA135FF272BC40400DB7C7D /* Router.swift in Sources */,
			);
			runOnlyForDeploymentPostprocessing = 0;
		};
		3A2DB70627299E9B00F8AA1E /* Sources */ = {
			isa = PBXSourcesBuildPhase;
			buildActionMask = 2147483647;
			files = (
				3A2DB753272AC8F300F8AA1E /* SessionModelTests.swift in Sources */,
				3A2DB757272AE37A00F8AA1E /* TransferTests.swift in Sources */,
				3AA1361C272C33CF00DB7C7D /* StringConstants.swift in Sources */,
				3A65BAE7272AF37A00332E69 /* ServiceManagerAllGetServiceTests.swift in Sources */,
				3A65BAE5272AEE0800332E69 /* ServiceManagerPostServiceTests.swift in Sources */,
				3A65BAE3272AECA100332E69 /* NetworkManagerMock.swift in Sources */,
				3A2DB755272AD69A00F8AA1E /* PayeeAndTransactionTests.swift in Sources */,
				3A2DB73E272A556000F8AA1E /* NetworkManagerTests.swift in Sources */,
				3A2DB741272A55FE00F8AA1E /* URLSessionMock.swift in Sources */,
			);
			runOnlyForDeploymentPostprocessing = 0;
		};
/* End PBXSourcesBuildPhase section */

/* Begin PBXTargetDependency section */
		3A2DB70C27299E9B00F8AA1E /* PBXTargetDependency */ = {
			isa = PBXTargetDependency;
			target = 3A2DB6F327299E9900F8AA1E /* OCBCDemo */;
			targetProxy = 3A2DB70B27299E9B00F8AA1E /* PBXContainerItemProxy */;
		};
/* End PBXTargetDependency section */

/* Begin PBXVariantGroup section */
		3A2DB6FD27299E9900F8AA1E /* Main.storyboard */ = {
			isa = PBXVariantGroup;
			children = (
				3A2DB6FE27299E9900F8AA1E /* Base */,
			);
			name = Main.storyboard;
			sourceTree = "<group>";
		};
		3A2DB70227299E9B00F8AA1E /* LaunchScreen.storyboard */ = {
			isa = PBXVariantGroup;
			children = (
				3A2DB70327299E9B00F8AA1E /* Base */,
			);
			name = LaunchScreen.storyboard;
			sourceTree = "<group>";
		};
/* End PBXVariantGroup section */

/* Begin XCBuildConfiguration section */
		3A2DB71C27299E9B00F8AA1E /* Debug */ = {
			isa = XCBuildConfiguration;
			buildSettings = {
				ALWAYS_SEARCH_USER_PATHS = NO;
				CLANG_ANALYZER_NONNULL = YES;
				CLANG_ANALYZER_NUMBER_OBJECT_CONVERSION = YES_AGGRESSIVE;
				CLANG_CXX_LANGUAGE_STANDARD = "gnu++14";
				CLANG_CXX_LIBRARY = "libc++";
				CLANG_ENABLE_MODULES = YES;
				CLANG_ENABLE_OBJC_ARC = YES;
				CLANG_ENABLE_OBJC_WEAK = YES;
				CLANG_WARN_BLOCK_CAPTURE_AUTORELEASING = YES;
				CLANG_WARN_BOOL_CONVERSION = YES;
				CLANG_WARN_COMMA = YES;
				CLANG_WARN_CONSTANT_CONVERSION = YES;
				CLANG_WARN_DEPRECATED_OBJC_IMPLEMENTATIONS = YES;
				CLANG_WARN_DIRECT_OBJC_ISA_USAGE = YES_ERROR;
				CLANG_WARN_DOCUMENTATION_COMMENTS = YES;
				CLANG_WARN_EMPTY_BODY = YES;
				CLANG_WARN_ENUM_CONVERSION = YES;
				CLANG_WARN_INFINITE_RECURSION = YES;
				CLANG_WARN_INT_CONVERSION = YES;
				CLANG_WARN_NON_LITERAL_NULL_CONVERSION = YES;
				CLANG_WARN_OBJC_IMPLICIT_RETAIN_SELF = YES;
				CLANG_WARN_OBJC_LITERAL_CONVERSION = YES;
				CLANG_WARN_OBJC_ROOT_CLASS = YES_ERROR;
				CLANG_WARN_QUOTED_INCLUDE_IN_FRAMEWORK_HEADER = YES;
				CLANG_WARN_RANGE_LOOP_ANALYSIS = YES;
				CLANG_WARN_STRICT_PROTOTYPES = YES;
				CLANG_WARN_SUSPICIOUS_MOVE = YES;
				CLANG_WARN_UNGUARDED_AVAILABILITY = YES_AGGRESSIVE;
				CLANG_WARN_UNREACHABLE_CODE = YES;
				CLANG_WARN__DUPLICATE_METHOD_MATCH = YES;
				COPY_PHASE_STRIP = NO;
				DEBUG_INFORMATION_FORMAT = dwarf;
				ENABLE_STRICT_OBJC_MSGSEND = YES;
				ENABLE_TESTABILITY = YES;
				GCC_C_LANGUAGE_STANDARD = gnu11;
				GCC_DYNAMIC_NO_PIC = NO;
				GCC_NO_COMMON_BLOCKS = YES;
				GCC_OPTIMIZATION_LEVEL = 0;
				GCC_PREPROCESSOR_DEFINITIONS = (
					"DEBUG=1",
					"$(inherited)",
				);
				GCC_WARN_64_TO_32_BIT_CONVERSION = YES;
				GCC_WARN_ABOUT_RETURN_TYPE = YES_ERROR;
				GCC_WARN_UNDECLARED_SELECTOR = YES;
				GCC_WARN_UNINITIALIZED_AUTOS = YES_AGGRESSIVE;
				GCC_WARN_UNUSED_FUNCTION = YES;
				GCC_WARN_UNUSED_VARIABLE = YES;
				IPHONEOS_DEPLOYMENT_TARGET = 13.0;
				MTL_ENABLE_DEBUG_INFO = INCLUDE_SOURCE;
				MTL_FAST_MATH = YES;
				ONLY_ACTIVE_ARCH = YES;
				SDKROOT = iphoneos;
				SWIFT_ACTIVE_COMPILATION_CONDITIONS = DEBUG;
				SWIFT_OPTIMIZATION_LEVEL = "-Onone";
			};
			name = Debug;
		};
		3A2DB71D27299E9B00F8AA1E /* Release */ = {
			isa = XCBuildConfiguration;
			buildSettings = {
				ALWAYS_SEARCH_USER_PATHS = NO;
				CLANG_ANALYZER_NONNULL = YES;
				CLANG_ANALYZER_NUMBER_OBJECT_CONVERSION = YES_AGGRESSIVE;
				CLANG_CXX_LANGUAGE_STANDARD = "gnu++14";
				CLANG_CXX_LIBRARY = "libc++";
				CLANG_ENABLE_MODULES = YES;
				CLANG_ENABLE_OBJC_ARC = YES;
				CLANG_ENABLE_OBJC_WEAK = YES;
				CLANG_WARN_BLOCK_CAPTURE_AUTORELEASING = YES;
				CLANG_WARN_BOOL_CONVERSION = YES;
				CLANG_WARN_COMMA = YES;
				CLANG_WARN_CONSTANT_CONVERSION = YES;
				CLANG_WARN_DEPRECATED_OBJC_IMPLEMENTATIONS = YES;
				CLANG_WARN_DIRECT_OBJC_ISA_USAGE = YES_ERROR;
				CLANG_WARN_DOCUMENTATION_COMMENTS = YES;
				CLANG_WARN_EMPTY_BODY = YES;
				CLANG_WARN_ENUM_CONVERSION = YES;
				CLANG_WARN_INFINITE_RECURSION = YES;
				CLANG_WARN_INT_CONVERSION = YES;
				CLANG_WARN_NON_LITERAL_NULL_CONVERSION = YES;
				CLANG_WARN_OBJC_IMPLICIT_RETAIN_SELF = YES;
				CLANG_WARN_OBJC_LITERAL_CONVERSION = YES;
				CLANG_WARN_OBJC_ROOT_CLASS = YES_ERROR;
				CLANG_WARN_QUOTED_INCLUDE_IN_FRAMEWORK_HEADER = YES;
				CLANG_WARN_RANGE_LOOP_ANALYSIS = YES;
				CLANG_WARN_STRICT_PROTOTYPES = YES;
				CLANG_WARN_SUSPICIOUS_MOVE = YES;
				CLANG_WARN_UNGUARDED_AVAILABILITY = YES_AGGRESSIVE;
				CLANG_WARN_UNREACHABLE_CODE = YES;
				CLANG_WARN__DUPLICATE_METHOD_MATCH = YES;
				COPY_PHASE_STRIP = NO;
				DEBUG_INFORMATION_FORMAT = "dwarf-with-dsym";
				ENABLE_NS_ASSERTIONS = NO;
				ENABLE_STRICT_OBJC_MSGSEND = YES;
				GCC_C_LANGUAGE_STANDARD = gnu11;
				GCC_NO_COMMON_BLOCKS = YES;
				GCC_WARN_64_TO_32_BIT_CONVERSION = YES;
				GCC_WARN_ABOUT_RETURN_TYPE = YES_ERROR;
				GCC_WARN_UNDECLARED_SELECTOR = YES;
				GCC_WARN_UNINITIALIZED_AUTOS = YES_AGGRESSIVE;
				GCC_WARN_UNUSED_FUNCTION = YES;
				GCC_WARN_UNUSED_VARIABLE = YES;
				IPHONEOS_DEPLOYMENT_TARGET = 13.0;
				MTL_ENABLE_DEBUG_INFO = NO;
				MTL_FAST_MATH = YES;
				SDKROOT = iphoneos;
				SWIFT_COMPILATION_MODE = wholemodule;
				SWIFT_OPTIMIZATION_LEVEL = "-O";
				VALIDATE_PRODUCT = YES;
			};
			name = Release;
		};
		3A2DB71F27299E9B00F8AA1E /* Debug */ = {
			isa = XCBuildConfiguration;
			buildSettings = {
				ASSETCATALOG_COMPILER_APPICON_NAME = AppIcon;
				ASSETCATALOG_COMPILER_GLOBAL_ACCENT_COLOR_NAME = AccentColor;
				CODE_SIGN_STYLE = Automatic;
				INFOPLIST_FILE = OCBCDemo/Info.plist;
				LD_RUNPATH_SEARCH_PATHS = (
					"$(inherited)",
					"@executable_path/Frameworks",
				);
				PRODUCT_BUNDLE_IDENTIFIER = com.harsha.OCBCDemo;
				PRODUCT_NAME = "$(TARGET_NAME)";
				SWIFT_VERSION = 5.0;
				TARGETED_DEVICE_FAMILY = "1,2";
			};
			name = Debug;
		};
		3A2DB72027299E9B00F8AA1E /* Release */ = {
			isa = XCBuildConfiguration;
			buildSettings = {
				ASSETCATALOG_COMPILER_APPICON_NAME = AppIcon;
				ASSETCATALOG_COMPILER_GLOBAL_ACCENT_COLOR_NAME = AccentColor;
				CODE_SIGN_STYLE = Automatic;
				INFOPLIST_FILE = OCBCDemo/Info.plist;
				LD_RUNPATH_SEARCH_PATHS = (
					"$(inherited)",
					"@executable_path/Frameworks",
				);
				PRODUCT_BUNDLE_IDENTIFIER = com.harsha.OCBCDemo;
				PRODUCT_NAME = "$(TARGET_NAME)";
				SWIFT_VERSION = 5.0;
				TARGETED_DEVICE_FAMILY = "1,2";
			};
			name = Release;
		};
		3A2DB72227299E9B00F8AA1E /* Debug */ = {
			isa = XCBuildConfiguration;
			buildSettings = {
				ALWAYS_EMBED_SWIFT_STANDARD_LIBRARIES = YES;
				BUNDLE_LOADER = "$(TEST_HOST)";
				CODE_SIGN_STYLE = Automatic;
				INFOPLIST_FILE = OCBCDemoTests/Info.plist;
				IPHONEOS_DEPLOYMENT_TARGET = 14.5;
				LD_RUNPATH_SEARCH_PATHS = (
					"$(inherited)",
					"@executable_path/Frameworks",
					"@loader_path/Frameworks",
				);
				PRODUCT_BUNDLE_IDENTIFIER = com.harsha.OCBCDemoTests;
				PRODUCT_NAME = "$(TARGET_NAME)";
				SWIFT_VERSION = 5.0;
				TARGETED_DEVICE_FAMILY = "1,2";
				TEST_HOST = "$(BUILT_PRODUCTS_DIR)/OCBCDemo.app/OCBCDemo";
			};
			name = Debug;
		};
		3A2DB72327299E9B00F8AA1E /* Release */ = {
			isa = XCBuildConfiguration;
			buildSettings = {
				ALWAYS_EMBED_SWIFT_STANDARD_LIBRARIES = YES;
				BUNDLE_LOADER = "$(TEST_HOST)";
				CODE_SIGN_STYLE = Automatic;
				INFOPLIST_FILE = OCBCDemoTests/Info.plist;
				IPHONEOS_DEPLOYMENT_TARGET = 14.5;
				LD_RUNPATH_SEARCH_PATHS = (
					"$(inherited)",
					"@executable_path/Frameworks",
					"@loader_path/Frameworks",
				);
				PRODUCT_BUNDLE_IDENTIFIER = com.harsha.OCBCDemoTests;
				PRODUCT_NAME = "$(TARGET_NAME)";
				SWIFT_VERSION = 5.0;
				TARGETED_DEVICE_FAMILY = "1,2";
				TEST_HOST = "$(BUILT_PRODUCTS_DIR)/OCBCDemo.app/OCBCDemo";
			};
			name = Release;
		};
/* End XCBuildConfiguration section */

/* Begin XCConfigurationList section */
		3A2DB6EF27299E9900F8AA1E /* Build configuration list for PBXProject "OCBCDemo" */ = {
			isa = XCConfigurationList;
			buildConfigurations = (
				3A2DB71C27299E9B00F8AA1E /* Debug */,
				3A2DB71D27299E9B00F8AA1E /* Release */,
			);
			defaultConfigurationIsVisible = 0;
			defaultConfigurationName = Release;
		};
		3A2DB71E27299E9B00F8AA1E /* Build configuration list for PBXNativeTarget "OCBCDemo" */ = {
			isa = XCConfigurationList;
			buildConfigurations = (
				3A2DB71F27299E9B00F8AA1E /* Debug */,
				3A2DB72027299E9B00F8AA1E /* Release */,
			);
			defaultConfigurationIsVisible = 0;
			defaultConfigurationName = Release;
		};
		3A2DB72127299E9B00F8AA1E /* Build configuration list for PBXNativeTarget "OCBCDemoTests" */ = {
			isa = XCConfigurationList;
			buildConfigurations = (
				3A2DB72227299E9B00F8AA1E /* Debug */,
				3A2DB72327299E9B00F8AA1E /* Release */,
			);
			defaultConfigurationIsVisible = 0;
			defaultConfigurationName = Release;
		};
/* End XCConfigurationList section */
	};
	rootObject = 3A2DB6EC27299E9900F8AA1E /* Project object */;
}
